
Microsoft Visual Studio Solution File, Format Version 12.00
# Visual Studio 15
VisualStudioVersion = 15.0.28307.136
MinimumVisualStudioVersion = 10.0.40219.1
Project("{FAE04EC0-301F-11D3-BF4B-00C04F79EFBC}") = "WindMeter", "WindMeter\WindMeter.csproj", "{5A02A68A-FE1C-433A-93C3-CBA7E2347946}"
EndProject
Global
	GlobalSection(SolutionConfigurationPlatforms) = preSolution
		Debug|Any CPU = Debug|Any CPU
		Release|Any CPU = Release|Any CPU
	EndGlobalSection
	GlobalSection(ProjectConfigurationPlatforms) = postSolution
		{5A02A68A-FE1C-433A-93C3-CBA7E2347946}.Debug|Any CPU.ActiveCfg = Debug|Any CPU
		{5A02A68A-FE1C-433A-93C3-CBA7E2347946}.Debug|Any CPU.Build.0 = Debug|Any CPU
		{5A02A68A-FE1C-433A-93C3-CBA7E2347946}.Release|Any CPU.ActiveCfg = Release|Any CPU
		{5A02A68A-FE1C-433A-93C3-CBA7E2347946}.Release|Any CPU.Build.0 = Release|Any CPU
	EndGlobalSection
	GlobalSection(SolutionProperties) = preSolution
		HideSolutionNode = FALSE
	EndGlobalSection
	GlobalSection(ExtensibilityGlobals) = postSolution
		SolutionGuid = {71930D8A-5550-4E95-9DE6-84981118B063}
	EndGlobalSection
EndGlobal
